{
  "name": "blockcertjs",
  "version": "1.0.0",
  "lockfileVersion": 1,
  "requires": true,
  "dependencies": {
    "@iota/bundle": {
      "version": "1.0.0-beta.5",
      "resolved": "https://registry.npmjs.org/@iota/bundle/-/bundle-1.0.0-beta.5.tgz",
      "integrity": "sha1-RNd7d+OnsEr6wyKv2mO2U1Gb9XA=",
      "requires": {
        "@iota/converter": "^1.0.0-beta.5",
        "@iota/kerl": "^1.0.0-beta.5",
        "@iota/pad": "^1.0.0-beta.5",
        "@iota/signing": "^1.0.0-beta.5"
      }
    },
    "@iota/bundle-validator": {
      "version": "1.0.0-beta.5",
      "resolved": "https://registry.npmjs.org/@iota/bundle-validator/-/bundle-validator-1.0.0-beta.5.tgz",
      "integrity": "sha1-b2FAToTO5YcLl/QDBXc8OHN9E+c=",
      "requires": {
        "@iota/converter": "^1.0.0-beta.5",
        "@iota/kerl": "^1.0.0-beta.5",
        "@iota/signing": "^1.0.0-beta.5",
        "@iota/transaction": "^1.0.0-beta.5",
        "@iota/transaction-converter": "^1.0.0-beta.5"
      }
    },
    "@iota/checksum": {
      "version": "1.0.0-beta.5",
      "resolved": "https://registry.npmjs.org/@iota/checksum/-/checksum-1.0.0-beta.5.tgz",
      "integrity": "sha1-3I/1zELKNo41+cx1i0Ecv/x0+rY=",
      "requires": {
        "@iota/converter": "^1.0.0-beta.5",
        "@iota/kerl": "^1.0.0-beta.5"
      }
    },
    "@iota/converter": {
      "version": "1.0.0-beta.5",
      "resolved": "https://registry.npmjs.org/@iota/converter/-/converter-1.0.0-beta.5.tgz",
      "integrity": "sha1-KVyXNtMhcpVf5cxgcliRPY0Fcco="
    },
    "@iota/core": {
      "version": "1.0.0-beta.5",
      "resolved": "https://registry.npmjs.org/@iota/core/-/core-1.0.0-beta.5.tgz",
      "integrity": "sha1-y2gf6TnrnOH5Dn2ydPnInqc70Nc=",
      "requires": {
        "@iota/bundle": "^1.0.0-beta.5",
        "@iota/bundle-validator": "^1.0.0-beta.5",
        "@iota/checksum": "^1.0.0-beta.5",
        "@iota/converter": "^1.0.0-beta.5",
        "@iota/curl": "^1.0.0-beta.5",
        "@iota/http-client": "^1.0.0-beta.5",
        "@iota/kerl": "^1.0.0-beta.5",
        "@iota/pad": "^1.0.0-beta.5",
        "@iota/signing": "^1.0.0-beta.5",
        "@iota/transaction": "^1.0.0-beta.5",
        "@iota/transaction-converter": "^1.0.0-beta.5",
        "@types/bluebird": "^3.5.20",
        "bluebird": "^3.5.1"
      }
    },
    "@iota/curl": {
      "version": "1.0.0-beta.5",
      "resolved": "https://registry.npmjs.org/@iota/curl/-/curl-1.0.0-beta.5.tgz",
      "integrity": "sha1-4v17sRa5KGa37RHZ+VWboHE4xNY="
    },
    "@iota/http-client": {
      "version": "1.0.0-beta.5",
      "resolved": "https://registry.npmjs.org/@iota/http-client/-/http-client-1.0.0-beta.5.tgz",
      "integrity": "sha1-ZEnUeTCz85xRhwDCs8Ku0eQGecM=",
      "requires": {
        "@types/bluebird": "^3.5.20",
        "@types/isomorphic-fetch": "^0.0.34",
        "bluebird": "^3.5.1",
        "isomorphic-fetch": "^2.2.1"
      }
    },
    "@iota/kerl": {
      "version": "1.0.0-beta.5",
      "resolved": "https://registry.npmjs.org/@iota/kerl/-/kerl-1.0.0-beta.5.tgz",
      "integrity": "sha1-ZQKQBu0eXVij7L0XDrMlECuiSq8=",
      "requires": {
        "@types/crypto-js": "^3.1.38",
        "crypto-js": "^3.1.9-1"
      }
    },
    "@iota/pad": {
      "version": "1.0.0-beta.5",
      "resolved": "https://registry.npmjs.org/@iota/pad/-/pad-1.0.0-beta.5.tgz",
      "integrity": "sha1-B/kQktGXO2aCQSUFmOF0ivXu1a0="
    },
    "@iota/signing": {
      "version": "1.0.0-beta.5",
      "resolved": "https://registry.npmjs.org/@iota/signing/-/signing-1.0.0-beta.5.tgz",
      "integrity": "sha1-Z6Fbgk7cKyAFQh6j8yx/UqW0P/o=",
      "requires": {
        "@iota/converter": "^1.0.0-beta.5",
        "@iota/kerl": "^1.0.0-beta.5",
        "@iota/pad": "^1.0.0-beta.5"
      }
    },
    "@iota/transaction": {
      "version": "1.0.0-beta.5",
      "resolved": "https://registry.npmjs.org/@iota/transaction/-/transaction-1.0.0-beta.5.tgz",
      "integrity": "sha1-YJO1QF89XnKuPQ6ob0KeDDvjzMM=",
      "requires": {
        "@iota/converter": "^1.0.0-beta.5",
        "@iota/curl": "^1.0.0-beta.5"
      }
    },
    "@iota/transaction-converter": {
      "version": "1.0.0-beta.5",
      "resolved": "https://registry.npmjs.org/@iota/transaction-converter/-/transaction-converter-1.0.0-beta.5.tgz",
      "integrity": "sha1-3lZLoCLQ2ocqgtjN5bmv9imR5Lc=",
      "requires": {
        "@iota/converter": "^1.0.0-beta.5",
        "@iota/curl": "^1.0.0-beta.5",
        "@iota/pad": "^1.0.0-beta.5",
        "@iota/transaction": "^1.0.0-beta.5"
      }
    },
    "@types/bluebird": {
      "version": "3.5.24",
      "resolved": "https://registry.npmjs.org/@types/bluebird/-/bluebird-3.5.24.tgz",
      "integrity": "sha1-EfdoElMcFPeTuOy/HelvZykF3oo="
    },
    "@types/crypto-js": {
      "version": "3.1.43",
      "resolved": "https://registry.npmjs.org/@types/crypto-js/-/crypto-js-3.1.43.tgz",
      "integrity": "sha1-uFk0fWKJuhPjR8M1pMnvpjM3p0g="
    },
    "@types/isomorphic-fetch": {
      "version": "0.0.34",
      "resolved": "https://registry.npmjs.org/@types/isomorphic-fetch/-/isomorphic-fetch-0.0.34.tgz",
      "integrity": "sha1-PDSD5gbAQTeEOOlRRk8A5OYHBtY="
    },
    "bluebird": {
      "version": "3.5.2",
      "resolved": "https://registry.npmjs.org/bluebird/-/bluebird-3.5.2.tgz",
      "integrity": "sha1-G+CQjgVKdRdUVJwnBInBUF1KsVo="
    },
    "crypto-js": {
      "version": "3.1.9-1",
      "resolved": "https://registry.npmjs.org/crypto-js/-/crypto-js-3.1.9-1.tgz",
      "integrity": "sha1-/aGedh/Ad+Af+/3G6f38WeiAbNg="
    },
    "encoding": {
      "version": "0.1.12",
      "resolved": "https://registry.npmjs.org/encoding/-/encoding-0.1.12.tgz",
      "integrity": "sha1-U4tm8+5izRq1HsMjgp0flIDHS+s=",
      "requires": {
        "iconv-lite": "~0.4.13"
      }
    },
    "iconv-lite": {
      "version": "0.4.24",
      "resolved": "https://registry.npmjs.org/iconv-lite/-/iconv-lite-0.4.24.tgz",
      "integrity": "sha1-ICK0sl+93CHS9SSXSkdKr+czkIs=",
      "requires": {
        "safer-buffer": ">= 2.1.2 < 3"
      }
    },
    "is-stream": {
      "version": "1.1.0",
      "resolved": "https://registry.npmjs.org/is-stream/-/is-stream-1.1.0.tgz",
      "integrity": "sha1-EtSj3U5o4Lec6428hBc66A2RykQ="
    },
    "isomorphic-fetch": {
      "version": "2.2.1",
      "resolved": "https://registry.npmjs.org/isomorphic-fetch/-/isomorphic-fetch-2.2.1.tgz",
      "integrity": "sha1-YRrhrPFPXoH3KVB0coGf6XM1WKk=",
      "requires": {
        "node-fetch": "^1.0.1",
        "whatwg-fetch": ">=0.10.0"
      }
    },
    "node-fetch": {
      "version": "1.7.3",
      "resolved": "https://registry.npmjs.org/node-fetch/-/node-fetch-1.7.3.tgz",
      "integrity": "sha1-mA9vcthSEaU0fGsrwYxbhMPrR+8=",
      "requires": {
        "encoding": "^0.1.11",
        "is-stream": "^1.0.1"
      }
    },
    "os-tmpdir": {
      "version": "1.0.2",
      "resolved": "https://registry.npmjs.org/os-tmpdir/-/os-tmpdir-1.0.2.tgz",
      "integrity": "sha1-u+Z0BseaqFxc/sdm/lc0VV36EnQ="
    },
    "safer-buffer": {
      "version": "2.1.2",
      "resolved": "https://registry.npmjs.org/safer-buffer/-/safer-buffer-2.1.2.tgz",
      "integrity": "sha1-RPoWGwGHuVSd2Eu5GAL5vYOFzWo="
    },
    "text-encoding": {
      "version": "0.7.0",
      "resolved": "https://registry.npmjs.org/text-encoding/-/text-encoding-0.7.0.tgz",
      "integrity": "sha1-+JXoNuRZkGJAhmAXmOqY6PNu5kM="
    },
    "tmp": {
      "version": "0.0.33",
      "resolved": "https://registry.npmjs.org/tmp/-/tmp-0.0.33.tgz",
      "integrity": "sha512-jRCJlojKnZ3addtTOjdIqoRuPEKBvNXcGYqzO6zWZX8KfKEpnGY5jfggJQ3EjKuu8D4bJRr0y+cYJFmYbImXGw==",
      "requires": {
        "os-tmpdir": "~1.0.2"
      }
    },
    "whatwg-fetch": {
      "version": "3.0.0",
      "resolved": "https://registry.npmjs.org/whatwg-fetch/-/whatwg-fetch-3.0.0.tgz",
      "integrity": "sha1-/IBORYzEYACbGiuWa8iBfSV4rvs="
    }
  }
}
